#MicroXplorer Configuration settings - do not modify
ADC1.Channel-1\#ChannelRegularConversion=ADC_CHANNEL_3
ADC1.CommonPathInternal=null|null|null|null
ADC1.IPParameters=Rank-1\#ChannelRegularConversion,Channel-1\#ChannelRegularConversion,SamplingTime-1\#ChannelRegularConversion,OffsetNumber-1\#ChannelRegularConversion,NbrOfConversionFlag,master,CommonPathInternal
ADC1.NbrOfConversionFlag=1
ADC1.OffsetNumber-1\#ChannelRegularConversion=ADC_OFFSET_NONE
ADC1.Rank-1\#ChannelRegularConversion=1
ADC1.SamplingTime-1\#ChannelRegularConversion=ADC_SAMPLETIME_2CYCLES_5
ADC1.master=1
CAD.formats=
CAD.pinconfig=
CAD.provider=
COMP1.BlankingSrce=COMP_BLANKINGSRC_NONE
COMP1.Hysteresis=COMP_HYSTERESIS_50MV
COMP1.IPParameters=Hysteresis,BlankingSrce,TriggerMode
COMP1.TriggerMode=COMP_TRIGGERMODE_NONE
COMP2.BlankingSrce=COMP_BLANKINGSRC_NONE
COMP2.Hysteresis=COMP_HYSTERESIS_50MV
COMP2.IPParameters=Hysteresis,BlankingSrce,TriggerMode
COMP2.TriggerMode=COMP_TRIGGERMODE_NONE
COMP4.BlankingSrce=COMP_BLANKINGSRC_NONE
COMP4.Hysteresis=COMP_HYSTERESIS_50MV
COMP4.IPParameters=Hysteresis,BlankingSrce,TriggerMode
COMP4.TriggerMode=COMP_TRIGGERMODE_NONE
FDCAN2.AutoRetransmission=ENABLE
FDCAN2.CalculateBaudRateNominal=999999
FDCAN2.CalculateTimeBitNominal=1000
FDCAN2.CalculateTimeQuantumNominal=58.82352941176471
FDCAN2.IPParameters=CalculateTimeQuantumNominal,CalculateTimeBitNominal,CalculateBaudRateNominal,AutoRetransmission,TransmitPause,NominalPrescaler,NominalTimeSeg1,NominalTimeSeg2,StdFiltersNbr
FDCAN2.NominalPrescaler=10
FDCAN2.NominalTimeSeg1=13
FDCAN2.NominalTimeSeg2=3
FDCAN2.StdFiltersNbr=1
FDCAN2.TransmitPause=ENABLE
FREERTOS.FootprintOK=true
FREERTOS.IPParameters=Tasks01,configENABLE_FPU,configMINIMAL_STACK_SIZE,configMAX_TASK_NAME_LEN,configTOTAL_HEAP_SIZE,FootprintOK,configUSE_NEWLIB_REENTRANT,Queues01
FREERTOS.Queues01=threadInputQueue,64,thread_input_t,0,Static,threadInputQueueBuffer,threadInputQueueControlBlock
FREERTOS.Tasks01=mainTask,24,1024,start_main_task,Default,NULL,Static,mainTaskBuffer,mainTaskControlBlock
FREERTOS.configENABLE_FPU=1
FREERTOS.configMAX_TASK_NAME_LEN=32
FREERTOS.configMINIMAL_STACK_SIZE=512
FREERTOS.configTOTAL_HEAP_SIZE=32768
FREERTOS.configUSE_NEWLIB_REENTRANT=1
File.Version=6
GPIO.groupedBy=Group By Peripherals
KeepUserPlacement=false
Mcu.CPN=STM32G474CET6
Mcu.Family=STM32G4
Mcu.IP0=ADC1
Mcu.IP1=COMP1
Mcu.IP10=TIM2
Mcu.IP11=USB
Mcu.IP2=COMP2
Mcu.IP3=COMP4
Mcu.IP4=FDCAN2
Mcu.IP5=FREERTOS
Mcu.IP6=NVIC
Mcu.IP7=RCC
Mcu.IP8=SYS
Mcu.IP9=TIM1
Mcu.IPNb=12
Mcu.Name=STM32G474C(B-C-E)Tx
Mcu.Package=LQFP48
Mcu.Pin0=PC13
Mcu.Pin1=PC14-OSC32_IN
Mcu.Pin10=PB0
Mcu.Pin11=PB2
Mcu.Pin12=PB13
Mcu.Pin13=PB14
Mcu.Pin14=PB15
Mcu.Pin15=PA8
Mcu.Pin16=PA9
Mcu.Pin17=PA10
Mcu.Pin18=PA11
Mcu.Pin19=PA12
Mcu.Pin2=PC15-OSC32_OUT
Mcu.Pin20=PA13
Mcu.Pin21=PA14
Mcu.Pin22=PB3
Mcu.Pin23=PB5
Mcu.Pin24=PB6
Mcu.Pin25=VP_FREERTOS_VS_CMSIS_V2
Mcu.Pin26=VP_SYS_VS_tim3
Mcu.Pin27=VP_SYS_VS_DBSignals
Mcu.Pin28=VP_TIM1_VS_ClockSourceINT
Mcu.Pin29=VP_TIM1_VS_no_output4
Mcu.Pin3=PF0-OSC_IN
Mcu.Pin30=VP_TIM2_VS_ClockSourceINT
Mcu.Pin4=PF1-OSC_OUT
Mcu.Pin5=PA1
Mcu.Pin6=PA2
Mcu.Pin7=PA4
Mcu.Pin8=PA5
Mcu.Pin9=PA7
Mcu.PinsNb=31
Mcu.ThirdPartyNb=0
Mcu.UserConstants=
Mcu.UserName=STM32G474CETx
MxCube.Version=6.13.0
MxDb.Version=DB.6.0.130
NVIC.BusFault_IRQn=true\:0\:0\:false\:false\:true\:false\:false\:false\:false
NVIC.DebugMonitor_IRQn=true\:0\:0\:false\:false\:true\:false\:false\:false\:false
NVIC.FDCAN2_IT0_IRQn=true\:5\:0\:false\:false\:true\:true\:true\:true\:true
NVIC.FDCAN2_IT1_IRQn=true\:5\:0\:false\:false\:true\:true\:true\:true\:true
NVIC.ForceEnableDMAVector=true
NVIC.HardFault_IRQn=true\:0\:0\:false\:false\:true\:false\:false\:false\:false
NVIC.MemoryManagement_IRQn=true\:0\:0\:false\:false\:true\:false\:false\:false\:false
NVIC.NonMaskableInt_IRQn=true\:0\:0\:false\:false\:true\:false\:false\:false\:false
NVIC.PendSV_IRQn=true\:15\:0\:false\:false\:false\:true\:false\:false\:false
NVIC.PriorityGroup=NVIC_PRIORITYGROUP_4
NVIC.SVCall_IRQn=true\:0\:0\:false\:false\:false\:false\:false\:false\:false
NVIC.SavedPendsvIrqHandlerGenerated=true
NVIC.SavedSvcallIrqHandlerGenerated=true
NVIC.SavedSystickIrqHandlerGenerated=true
NVIC.SysTick_IRQn=true\:15\:0\:false\:false\:false\:true\:false\:true\:false
NVIC.TIM1_BRK_TIM15_IRQn=true\:5\:0\:false\:false\:true\:true\:true\:true\:true
NVIC.TIM1_CC_IRQn=true\:5\:0\:false\:false\:true\:true\:true\:true\:true
NVIC.TIM1_TRG_COM_TIM17_IRQn=true\:5\:0\:false\:false\:true\:true\:true\:true\:true
NVIC.TIM1_UP_TIM16_IRQn=true\:5\:0\:false\:false\:true\:true\:true\:true\:true
NVIC.TIM3_IRQn=true\:15\:0\:false\:false\:true\:false\:false\:true\:true
NVIC.TimeBase=TIM3_IRQn
NVIC.TimeBaseIP=TIM3
NVIC.UsageFault_IRQn=true\:0\:0\:false\:false\:true\:false\:false\:false\:false
PA1.GPIOParameters=GPIO_Label
PA1.GPIO_Label=PHA_FILT
PA1.Locked=true
PA1.Mode=INP
PA1.Signal=COMP1_INP
PA10.GPIOParameters=GPIO_Label
PA10.GPIO_Label=PHC_H
PA10.Signal=S_TIM1_CH3
PA11.Mode=Device
PA11.Signal=USB_DM
PA12.Mode=Device
PA12.Signal=USB_DP
PA13.Mode=Trace_Asynchronous_SW
PA13.Signal=SYS_JTMS-SWDIO
PA14.Mode=Trace_Asynchronous_SW
PA14.Signal=SYS_JTCK-SWCLK
PA2.GPIOParameters=GPIO_Label
PA2.GPIO_Label=TEMP
PA2.Locked=true
PA2.Mode=IN3-Single-Ended
PA2.Signal=ADC1_IN3
PA4.GPIOParameters=GPIO_Label
PA4.GPIO_Label=PH_VNA
PA4.Mode=INM
PA4.Signal=COMP1_INM
PA5.GPIOParameters=GPIO_Label
PA5.GPIO_Label=PH_VNB
PA5.Locked=true
PA5.Mode=INM
PA5.Signal=COMP2_INM
PA7.GPIOParameters=GPIO_Label
PA7.GPIO_Label=PHB_FILT
PA7.Locked=true
PA7.Mode=INP
PA7.Signal=COMP2_INP
PA8.GPIOParameters=GPIO_Label
PA8.GPIO_Label=PHA_H
PA8.Signal=S_TIM1_CH1
PA9.GPIOParameters=GPIO_Label
PA9.GPIO_Label=PHB_H
PA9.Signal=S_TIM1_CH2
PB0.GPIOParameters=GPIO_Label
PB0.GPIO_Label=PHC_FILT
PB0.Mode=INP
PB0.Signal=COMP4_INP
PB13.GPIOParameters=GPIO_Label
PB13.GPIO_Label=PHA_L
PB13.Mode=PWM Generation1 CH1 CH1N
PB13.Signal=TIM1_CH1N
PB14.GPIOParameters=GPIO_Label
PB14.GPIO_Label=PHB_L
PB14.Mode=PWM Generation2 CH2 CH2N
PB14.Signal=TIM1_CH2N
PB15.GPIOParameters=GPIO_Label
PB15.GPIO_Label=PHC_L
PB15.Locked=true
PB15.Mode=PWM Generation3 CH3 CH3N
PB15.Signal=TIM1_CH3N
PB2.GPIOParameters=GPIO_Label
PB2.GPIO_Label=PH_VNC
PB2.Mode=INM
PB2.Signal=COMP4_INM
PB3.Mode=Trace_Asynchronous_SW
PB3.Signal=SYS_JTDO-SWO
PB5.Locked=true
PB5.Mode=FDCAN_Activate
PB5.Signal=FDCAN2_RX
PB6.Mode=FDCAN_Activate
PB6.Signal=FDCAN2_TX
PC13.GPIOParameters=PinState,GPIO_Label
PC13.GPIO_Label=LED1
PC13.Locked=true
PC13.PinState=GPIO_PIN_RESET
PC13.Signal=GPIO_Output
PC14-OSC32_IN.GPIOParameters=PinState,GPIO_Label
PC14-OSC32_IN.GPIO_Label=LED2
PC14-OSC32_IN.Locked=true
PC14-OSC32_IN.PinState=GPIO_PIN_RESET
PC14-OSC32_IN.Signal=GPIO_Output
PC15-OSC32_OUT.GPIOParameters=PinState,GPIO_Label
PC15-OSC32_OUT.GPIO_Label=LED3
PC15-OSC32_OUT.Locked=true
PC15-OSC32_OUT.PinState=GPIO_PIN_RESET
PC15-OSC32_OUT.Signal=GPIO_Output
PF0-OSC_IN.Mode=HSE-External-Oscillator
PF0-OSC_IN.Signal=RCC_OSC_IN
PF1-OSC_OUT.Mode=HSE-External-Oscillator
PF1-OSC_OUT.Signal=RCC_OSC_OUT
PinOutPanel.RotationAngle=0
ProjectManager.AskForMigrate=true
ProjectManager.BackupPrevious=true
ProjectManager.CompilerOptimize=6
ProjectManager.ComputerToolchain=false
ProjectManager.CoupleFile=true
ProjectManager.CustomerFirmwarePackage=
ProjectManager.DefaultFWLocation=true
ProjectManager.DeletePrevious=true
ProjectManager.DeviceId=STM32G474CETx
ProjectManager.FirmwarePackage=STM32Cube FW_G4 V1.6.1
ProjectManager.FreePins=false
ProjectManager.HalAssertFull=false
ProjectManager.HeapSize=0x200
ProjectManager.KeepUserCode=true
ProjectManager.LastFirmware=false
ProjectManager.LibraryCopy=1
ProjectManager.MainLocation=Core/Src
ProjectManager.NoMain=false
ProjectManager.PreviousToolchain=
ProjectManager.ProjectBuild=false
ProjectManager.ProjectFileName=Electronic Speed Controller.ioc
ProjectManager.ProjectName=Electronic Speed Controller
ProjectManager.ProjectStructure=
ProjectManager.RegisterCallBack=
ProjectManager.StackSize=0x400
ProjectManager.TargetToolchain=STM32CubeIDE
ProjectManager.ToolChainLocation=
ProjectManager.UAScriptAfterPath=
ProjectManager.UAScriptBeforePath=
ProjectManager.UnderRoot=true
ProjectManager.functionlistsort=1-SystemClock_Config-RCC-false-HAL-false,2-MX_GPIO_Init-GPIO-false-HAL-true,3-MX_COMP1_Init-COMP1-false-HAL-true,4-MX_COMP2_Init-COMP2-false-HAL-true,5-MX_COMP4_Init-COMP4-false-HAL-true,6-MX_FDCAN2_Init-FDCAN2-false-HAL-true,7-MX_TIM1_Init-TIM1-false-HAL-true,8-MX_USB_PCD_Init-USB-false-HAL-true,9-MX_ADC1_Init-ADC1-false-HAL-true,10-MX_TIM2_Init-TIM2-false-HAL-true
RCC.ADC12Freq_Value=170000000
RCC.ADC345Freq_Value=170000000
RCC.AHBFreq_Value=170000000
RCC.APB1Freq_Value=170000000
RCC.APB1TimFreq_Value=170000000
RCC.APB2Freq_Value=170000000
RCC.APB2TimFreq_Value=170000000
RCC.CK48CLockSelection=RCC_USBCLKSOURCE_HSI48
RCC.CRSFreq_Value=48000000
RCC.CortexFreq_Value=170000000
RCC.EXTERNAL_CLOCK_VALUE=12288000
RCC.FCLKCortexFreq_Value=170000000
RCC.FDCANFreq_Value=170000000
RCC.FamilyName=M
RCC.HCLKFreq_Value=170000000
RCC.HRTIM1Freq_Value=170000000
RCC.HSE_VALUE=16000000
RCC.HSI48_VALUE=48000000
RCC.HSI_VALUE=16000000
RCC.I2C1Freq_Value=170000000
RCC.I2C2Freq_Value=170000000
RCC.I2C3Freq_Value=170000000
RCC.I2C4Freq_Value=170000000
RCC.I2SFreq_Value=170000000
RCC.IPParameters=ADC12Freq_Value,ADC345Freq_Value,AHBFreq_Value,APB1Freq_Value,APB1TimFreq_Value,APB2Freq_Value,APB2TimFreq_Value,CK48CLockSelection,CRSFreq_Value,CortexFreq_Value,EXTERNAL_CLOCK_VALUE,FCLKCortexFreq_Value,FDCANFreq_Value,FamilyName,HCLKFreq_Value,HRTIM1Freq_Value,HSE_VALUE,HSI48_VALUE,HSI_VALUE,I2C1Freq_Value,I2C2Freq_Value,I2C3Freq_Value,I2C4Freq_Value,I2SFreq_Value,LPTIM1Freq_Value,LPUART1Freq_Value,LSCOPinFreq_Value,LSE_VALUE,LSI_VALUE,MCO1PinFreq_Value,PLLM,PLLN,PLLPoutputFreq_Value,PLLQoutputFreq_Value,PLLRCLKFreq_Value,PLLSourceVirtual,PWRFreq_Value,QSPIFreq_Value,RNGFreq_Value,SAI1Freq_Value,SYSCLKFreq_VALUE,SYSCLKSource,USART1Freq_Value,USART2Freq_Value,USART3Freq_Value,USBFreq_Value,VCOInputFreq_Value,VCOOutputFreq_Value
RCC.LPTIM1Freq_Value=170000000
RCC.LPUART1Freq_Value=170000000
RCC.LSCOPinFreq_Value=32000
RCC.LSE_VALUE=32768
RCC.LSI_VALUE=32000
RCC.MCO1PinFreq_Value=16000000
RCC.PLLM=RCC_PLLM_DIV4
RCC.PLLN=85
RCC.PLLPoutputFreq_Value=170000000
RCC.PLLQoutputFreq_Value=170000000
RCC.PLLRCLKFreq_Value=170000000
RCC.PLLSourceVirtual=RCC_PLLSOURCE_HSE
RCC.PWRFreq_Value=170000000
RCC.QSPIFreq_Value=170000000
RCC.RNGFreq_Value=48000000
RCC.SAI1Freq_Value=170000000
RCC.SYSCLKFreq_VALUE=170000000
RCC.SYSCLKSource=RCC_SYSCLKSOURCE_PLLCLK
RCC.USART1Freq_Value=170000000
RCC.USART2Freq_Value=170000000
RCC.USART3Freq_Value=170000000
RCC.USBFreq_Value=48000000
RCC.VCOInputFreq_Value=4000000
RCC.VCOOutputFreq_Value=340000000
SH.S_TIM1_CH1.0=TIM1_CH1,PWM Generation1 CH1 CH1N
SH.S_TIM1_CH1.ConfNb=1
SH.S_TIM1_CH2.0=TIM1_CH2,PWM Generation2 CH2 CH2N
SH.S_TIM1_CH2.ConfNb=1
SH.S_TIM1_CH3.0=TIM1_CH3,PWM Generation3 CH3 CH3N
SH.S_TIM1_CH3.ConfNb=1
TIM1.AutoReloadPreload=TIM_AUTORELOAD_PRELOAD_ENABLE
TIM1.AutomaticOutput=TIM_AUTOMATICOUTPUT_ENABLE
TIM1.Channel-PWM\ Generation1\ CH1\ CH1N=TIM_CHANNEL_1
TIM1.Channel-PWM\ Generation2\ CH2\ CH2N=TIM_CHANNEL_2
TIM1.Channel-PWM\ Generation3\ CH3\ CH3N=TIM_CHANNEL_3
TIM1.Channel-PWM\ Generation4\ No\ Output=TIM_CHANNEL_4
TIM1.DeadTime=85
TIM1.IPParameters=Prescaler,PeriodNoDither,AutoReloadPreload,PulseNoDither_1,AutomaticOutput,OffStateRunMode,OffStateIDLEMode,Channel-PWM Generation1 CH1 CH1N,Channel-PWM Generation2 CH2 CH2N,Channel-PWM Generation3 CH3 CH3N,DeadTime,TIM_MasterSlaveMode,Channel-PWM Generation4 No Output
TIM1.OffStateIDLEMode=TIM_OSSI_ENABLE
TIM1.OffStateRunMode=TIM_OSSR_ENABLE
TIM1.PeriodNoDither=5312-1
TIM1.Prescaler=0
TIM1.PulseNoDither_1=0
TIM1.TIM_MasterSlaveMode=TIM_MASTERSLAVEMODE_DISABLE
TIM2.AutoReloadPreload=TIM_AUTORELOAD_PRELOAD_ENABLE
TIM2.IPParameters=Prescaler,PeriodNoDither,AutoReloadPreload
TIM2.PeriodNoDither=0xFFFFFFFF-1
TIM2.Prescaler=170-1
VP_FREERTOS_VS_CMSIS_V2.Mode=CMSIS_V2
VP_FREERTOS_VS_CMSIS_V2.Signal=FREERTOS_VS_CMSIS_V2
VP_SYS_VS_DBSignals.Mode=DisableDeadBatterySignals
VP_SYS_VS_DBSignals.Signal=SYS_VS_DBSignals
VP_SYS_VS_tim3.Mode=TIM3
VP_SYS_VS_tim3.Signal=SYS_VS_tim3
VP_TIM1_VS_ClockSourceINT.Mode=Internal
VP_TIM1_VS_ClockSourceINT.Signal=TIM1_VS_ClockSourceINT
VP_TIM1_VS_no_output4.Mode=PWM Generation4 No Output
VP_TIM1_VS_no_output4.Signal=TIM1_VS_no_output4
VP_TIM2_VS_ClockSourceINT.Mode=Internal
VP_TIM2_VS_ClockSourceINT.Signal=TIM2_VS_ClockSourceINT
board=custom
isbadioc=false
